// !$*UTF8*$!
{
	archiveVersion = 1;
	classes = {
	};
	objectVersion = 46;
	objects = {

/* Begin PBXBuildFile section */
		8352FC9C1C75A0BC00FC4929 /* main.m in Sources */ = {isa = PBXBuildFile; fileRef = 8352FC9B1C75A0BC00FC4929 /* main.m */; };
		8352FC9F1C75A0BC00FC4929 /* AppDelegate.m in Sources */ = {isa = PBXBuildFile; fileRef = 8352FC9E1C75A0BC00FC4929 /* AppDelegate.m */; };
		8352FCA21C75A0BC00FC4929 /* ViewController.m in Sources */ = {isa = PBXBuildFile; fileRef = 8352FCA11C75A0BC00FC4929 /* ViewController.m */; };
		8352FCA51C75A0BC00FC4929 /* Main.storyboard in Resources */ = {isa = PBXBuildFile; fileRef = 8352FCA31C75A0BC00FC4929 /* Main.storyboard */; };
		8352FCA71C75A0BC00FC4929 /* Images.xcassets in Resources */ = {isa = PBXBuildFile; fileRef = 8352FCA61C75A0BC00FC4929 /* Images.xcassets */; };
		8352FCAA1C75A0BC00FC4929 /* LaunchScreen.xib in Resources */ = {isa = PBXBuildFile; fileRef = 8352FCA81C75A0BC00FC4929 /* LaunchScreen.xib */; };
		8352FCB61C75A0BC00FC4929 /* AcronymTests.m in Sources */ = {isa = PBXBuildFile; fileRef = 8352FCB51C75A0BC00FC4929 /* AcronymTests.m */; };
		83B3D12B1C75B7F7000992E0 /* AFHTTPRequestOperation.m in Sources */ = {isa = PBXBuildFile; fileRef = 83B3D1071C75B7F7000992E0 /* AFHTTPRequestOperation.m */; };
		83B3D12C1C75B7F7000992E0 /* AFHTTPRequestOperationManager.m in Sources */ = {isa = PBXBuildFile; fileRef = 83B3D1091C75B7F7000992E0 /* AFHTTPRequestOperationManager.m */; };
		83B3D12D1C75B7F7000992E0 /* AFHTTPSessionManager.m in Sources */ = {isa = PBXBuildFile; fileRef = 83B3D10B1C75B7F7000992E0 /* AFHTTPSessionManager.m */; };
		83B3D12E1C75B7F7000992E0 /* AFNetworkReachabilityManager.m in Sources */ = {isa = PBXBuildFile; fileRef = 83B3D10E1C75B7F7000992E0 /* AFNetworkReachabilityManager.m */; };
		83B3D12F1C75B7F7000992E0 /* AFSecurityPolicy.m in Sources */ = {isa = PBXBuildFile; fileRef = 83B3D1101C75B7F7000992E0 /* AFSecurityPolicy.m */; };
		83B3D1301C75B7F7000992E0 /* AFURLConnectionOperation.m in Sources */ = {isa = PBXBuildFile; fileRef = 83B3D1121C75B7F7000992E0 /* AFURLConnectionOperation.m */; };
		83B3D1311C75B7F7000992E0 /* AFURLRequestSerialization.m in Sources */ = {isa = PBXBuildFile; fileRef = 83B3D1141C75B7F7000992E0 /* AFURLRequestSerialization.m */; };
		83B3D1321C75B7F7000992E0 /* AFURLResponseSerialization.m in Sources */ = {isa = PBXBuildFile; fileRef = 83B3D1161C75B7F7000992E0 /* AFURLResponseSerialization.m */; };
		83B3D1331C75B7F7000992E0 /* AFURLSessionManager.m in Sources */ = {isa = PBXBuildFile; fileRef = 83B3D1181C75B7F7000992E0 /* AFURLSessionManager.m */; };
		83B3D1341C75B7F7000992E0 /* AFNetworkActivityIndicatorManager.m in Sources */ = {isa = PBXBuildFile; fileRef = 83B3D11B1C75B7F7000992E0 /* AFNetworkActivityIndicatorManager.m */; };
		83B3D1351C75B7F7000992E0 /* UIActivityIndicatorView+AFNetworking.m in Sources */ = {isa = PBXBuildFile; fileRef = 83B3D11D1C75B7F7000992E0 /* UIActivityIndicatorView+AFNetworking.m */; };
		83B3D1361C75B7F7000992E0 /* UIAlertView+AFNetworking.m in Sources */ = {isa = PBXBuildFile; fileRef = 83B3D11F1C75B7F7000992E0 /* UIAlertView+AFNetworking.m */; };
		83B3D1371C75B7F7000992E0 /* UIButton+AFNetworking.m in Sources */ = {isa = PBXBuildFile; fileRef = 83B3D1211C75B7F7000992E0 /* UIButton+AFNetworking.m */; };
		83B3D1381C75B7F7000992E0 /* UIImageView+AFNetworking.m in Sources */ = {isa = PBXBuildFile; fileRef = 83B3D1231C75B7F7000992E0 /* UIImageView+AFNetworking.m */; };
		83B3D1391C75B7F7000992E0 /* UIProgressView+AFNetworking.m in Sources */ = {isa = PBXBuildFile; fileRef = 83B3D1261C75B7F7000992E0 /* UIProgressView+AFNetworking.m */; };
		83B3D13A1C75B7F7000992E0 /* UIRefreshControl+AFNetworking.m in Sources */ = {isa = PBXBuildFile; fileRef = 83B3D1281C75B7F7000992E0 /* UIRefreshControl+AFNetworking.m */; };
		83B3D13B1C75B7F7000992E0 /* UIWebView+AFNetworking.m in Sources */ = {isa = PBXBuildFile; fileRef = 83B3D12A1C75B7F7000992E0 /* UIWebView+AFNetworking.m */; };
		83B3D13E1C75E46A000992E0 /* MBProgressHUD.m in Sources */ = {isa = PBXBuildFile; fileRef = 83B3D13D1C75E46A000992E0 /* MBProgressHUD.m */; };
		83C44D5E1C80AFC0007173CC /* FullForm.m in Sources */ = {isa = PBXBuildFile; fileRef = 83C44D5D1C80AFC0007173CC /* FullForm.m */; };
		83E92FED1C7F8BBF00C1EA87 /* DataHelper.m in Sources */ = {isa = PBXBuildFile; fileRef = 83E92FEC1C7F8BBF00C1EA87 /* DataHelper.m */; };
		83E92FF31C7FB7AD00C1EA87 /* FullFormManager.m in Sources */ = {isa = PBXBuildFile; fileRef = 83E92FF21C7FB7AD00C1EA87 /* FullFormManager.m */; };
/* End PBXBuildFile section */

/* Begin PBXContainerItemProxy section */
		8352FCB01C75A0BC00FC4929 /* PBXContainerItemProxy */ = {
			isa = PBXContainerItemProxy;
			containerPortal = 8352FC8E1C75A0BC00FC4929 /* Project object */;
			proxyType = 1;
			remoteGlobalIDString = 8352FC951C75A0BC00FC4929;
			remoteInfo = Acronym;
		};
/* End PBXContainerItemProxy section */

/* Begin PBXFileReference section */
		8352FC961C75A0BC00FC4929 /* Acronym.app */ = {isa = PBXFileReference; explicitFileType = wrapper.application; includeInIndex = 0; path = Acronym.app; sourceTree = BUILT_PRODUCTS_DIR; };
		8352FC9A1C75A0BC00FC4929 /* Info.plist */ = {isa = PBXFileReference; lastKnownFileType = text.plist.xml; path = Info.plist; sourceTree = "<group>"; };
		8352FC9B1C75A0BC00FC4929 /* main.m */ = {isa = PBXFileReference; lastKnownFileType = sourcecode.c.objc; path = main.m; sourceTree = "<group>"; };
		8352FC9D1C75A0BC00FC4929 /* AppDelegate.h */ = {isa = PBXFileReference; lastKnownFileType = sourcecode.c.h; path = AppDelegate.h; sourceTree = "<group>"; };
		8352FC9E1C75A0BC00FC4929 /* AppDelegate.m */ = {isa = PBXFileReference; lastKnownFileType = sourcecode.c.objc; path = AppDelegate.m; sourceTree = "<group>"; };
		8352FCA01C75A0BC00FC4929 /* ViewController.h */ = {isa = PBXFileReference; lastKnownFileType = sourcecode.c.h; path = ViewController.h; sourceTree = "<group>"; };
		8352FCA11C75A0BC00FC4929 /* ViewController.m */ = {isa = PBXFileReference; lastKnownFileType = sourcecode.c.objc; path = ViewController.m; sourceTree = "<group>"; };
		8352FCA41C75A0BC00FC4929 /* Base */ = {isa = PBXFileReference; lastKnownFileType = file.storyboard; name = Base; path = Base.lproj/Main.storyboard; sourceTree = "<group>"; };
		8352FCA61C75A0BC00FC4929 /* Images.xcassets */ = {isa = PBXFileReference; lastKnownFileType = folder.assetcatalog; path = Images.xcassets; sourceTree = "<group>"; };
		8352FCA91C75A0BC00FC4929 /* Base */ = {isa = PBXFileReference; lastKnownFileType = file.xib; name = Base; path = Base.lproj/LaunchScreen.xib; sourceTree = "<group>"; };
		8352FCAF1C75A0BC00FC4929 /* AcronymTests.xctest */ = {isa = PBXFileReference; explicitFileType = wrapper.cfbundle; includeInIndex = 0; path = AcronymTests.xctest; sourceTree = BUILT_PRODUCTS_DIR; };
		8352FCB41C75A0BC00FC4929 /* Info.plist */ = {isa = PBXFileReference; lastKnownFileType = text.plist.xml; path = Info.plist; sourceTree = "<group>"; };
		8352FCB51C75A0BC00FC4929 /* AcronymTests.m */ = {isa = PBXFileReference; lastKnownFileType = sourcecode.c.objc; path = AcronymTests.m; sourceTree = "<group>"; };
		83B3D1061C75B7F7000992E0 /* AFHTTPRequestOperation.h */ = {isa = PBXFileReference; fileEncoding = 4; lastKnownFileType = sourcecode.c.h; path = AFHTTPRequestOperation.h; sourceTree = "<group>"; };
		83B3D1071C75B7F7000992E0 /* AFHTTPRequestOperation.m */ = {isa = PBXFileReference; fileEncoding = 4; lastKnownFileType = sourcecode.c.objc; path = AFHTTPRequestOperation.m; sourceTree = "<group>"; };
		83B3D1081C75B7F7000992E0 /* AFHTTPRequestOperationManager.h */ = {isa = PBXFileReference; fileEncoding = 4; lastKnownFileType = sourcecode.c.h; path = AFHTTPRequestOperationManager.h; sourceTree = "<group>"; };
		83B3D1091C75B7F7000992E0 /* AFHTTPRequestOperationManager.m */ = {isa = PBXFileReference; fileEncoding = 4; lastKnownFileType = sourcecode.c.objc; path = AFHTTPRequestOperationManager.m; sourceTree = "<group>"; };
		83B3D10A1C75B7F7000992E0 /* AFHTTPSessionManager.h */ = {isa = PBXFileReference; fileEncoding = 4; lastKnownFileType = sourcecode.c.h; path = AFHTTPSessionManager.h; sourceTree = "<group>"; };
		83B3D10B1C75B7F7000992E0 /* AFHTTPSessionManager.m */ = {isa = PBXFileReference; fileEncoding = 4; lastKnownFileType = sourcecode.c.objc; path = AFHTTPSessionManager.m; sourceTree = "<group>"; };
		83B3D10C1C75B7F7000992E0 /* AFNetworking.h */ = {isa = PBXFileReference; fileEncoding = 4; lastKnownFileType = sourcecode.c.h; path = AFNetworking.h; sourceTree = "<group>"; };
		83B3D10D1C75B7F7000992E0 /* AFNetworkReachabilityManager.h */ = {isa = PBXFileReference; fileEncoding = 4; lastKnownFileType = sourcecode.c.h; path = AFNetworkReachabilityManager.h; sourceTree = "<group>"; };
		83B3D10E1C75B7F7000992E0 /* AFNetworkReachabilityManager.m */ = {isa = PBXFileReference; fileEncoding = 4; lastKnownFileType = sourcecode.c.objc; path = AFNetworkReachabilityManager.m; sourceTree = "<group>"; };
		83B3D10F1C75B7F7000992E0 /* AFSecurityPolicy.h */ = {isa = PBXFileReference; fileEncoding = 4; lastKnownFileType = sourcecode.c.h; path = AFSecurityPolicy.h; sourceTree = "<group>"; };
		83B3D1101C75B7F7000992E0 /* AFSecurityPolicy.m */ = {isa = PBXFileReference; fileEncoding = 4; lastKnownFileType = sourcecode.c.objc; path = AFSecurityPolicy.m; sourceTree = "<group>"; };
		83B3D1111C75B7F7000992E0 /* AFURLConnectionOperation.h */ = {isa = PBXFileReference; fileEncoding = 4; lastKnownFileType = sourcecode.c.h; path = AFURLConnectionOperation.h; sourceTree = "<group>"; };
		83B3D1121C75B7F7000992E0 /* AFURLConnectionOperation.m */ = {isa = PBXFileReference; fileEncoding = 4; lastKnownFileType = sourcecode.c.objc; path = AFURLConnectionOperation.m; sourceTree = "<group>"; };
		83B3D1131C75B7F7000992E0 /* AFURLRequestSerialization.h */ = {isa = PBXFileReference; fileEncoding = 4; lastKnownFileType = sourcecode.c.h; path = AFURLRequestSerialization.h; sourceTree = "<group>"; };
		83B3D1141C75B7F7000992E0 /* AFURLRequestSerialization.m */ = {isa = PBXFileReference; fileEncoding = 4; lastKnownFileType = sourcecode.c.objc; path = AFURLRequestSerialization.m; sourceTree = "<group>"; };
		83B3D1151C75B7F7000992E0 /* AFURLResponseSerialization.h */ = {isa = PBXFileReference; fileEncoding = 4; lastKnownFileType = sourcecode.c.h; path = AFURLResponseSerialization.h; sourceTree = "<group>"; };
		83B3D1161C75B7F7000992E0 /* AFURLResponseSerialization.m */ = {isa = PBXFileReference; fileEncoding = 4; lastKnownFileType = sourcecode.c.objc; path = AFURLResponseSerialization.m; sourceTree = "<group>"; };
		83B3D1171C75B7F7000992E0 /* AFURLSessionManager.h */ = {isa = PBXFileReference; fileEncoding = 4; lastKnownFileType = sourcecode.c.h; path = AFURLSessionManager.h; sourceTree = "<group>"; };
		83B3D1181C75B7F7000992E0 /* AFURLSessionManager.m */ = {isa = PBXFileReference; fileEncoding = 4; lastKnownFileType = sourcecode.c.objc; path = AFURLSessionManager.m; sourceTree = "<group>"; };
		83B3D11A1C75B7F7000992E0 /* AFNetworkActivityIndicatorManager.h */ = {isa = PBXFileReference; fileEncoding = 4; lastKnownFileType = sourcecode.c.h; path = AFNetworkActivityIndicatorManager.h; sourceTree = "<group>"; };
		83B3D11B1C75B7F7000992E0 /* AFNetworkActivityIndicatorManager.m */ = {isa = PBXFileReference; fileEncoding = 4; lastKnownFileType = sourcecode.c.objc; path = AFNetworkActivityIndicatorManager.m; sourceTree = "<group>"; };
		83B3D11C1C75B7F7000992E0 /* UIActivityIndicatorView+AFNetworking.h */ = {isa = PBXFileReference; fileEncoding = 4; lastKnownFileType = sourcecode.c.h; path = "UIActivityIndicatorView+AFNetworking.h"; sourceTree = "<group>"; };
		83B3D11D1C75B7F7000992E0 /* UIActivityIndicatorView+AFNetworking.m */ = {isa = PBXFileReference; fileEncoding = 4; lastKnownFileType = sourcecode.c.objc; path = "UIActivityIndicatorView+AFNetworking.m"; sourceTree = "<group>"; };
		83B3D11E1C75B7F7000992E0 /* UIAlertView+AFNetworking.h */ = {isa = PBXFileReference; fileEncoding = 4; lastKnownFileType = sourcecode.c.h; path = "UIAlertView+AFNetworking.h"; sourceTree = "<group>"; };
		83B3D11F1C75B7F7000992E0 /* UIAlertView+AFNetworking.m */ = {isa = PBXFileReference; fileEncoding = 4; lastKnownFileType = sourcecode.c.objc; path = "UIAlertView+AFNetworking.m"; sourceTree = "<group>"; };
		83B3D1201C75B7F7000992E0 /* UIButton+AFNetworking.h */ = {isa = PBXFileReference; fileEncoding = 4; lastKnownFileType = sourcecode.c.h; path = "UIButton+AFNetworking.h"; sourceTree = "<group>"; };
		83B3D1211C75B7F7000992E0 /* UIButton+AFNetworking.m */ = {isa = PBXFileReference; fileEncoding = 4; lastKnownFileType = sourcecode.c.objc; path = "UIButton+AFNetworking.m"; sourceTree = "<group>"; };
		83B3D1221C75B7F7000992E0 /* UIImageView+AFNetworking.h */ = {isa = PBXFileReference; fileEncoding = 4; lastKnownFileType = sourcecode.c.h; path = "UIImageView+AFNetworking.h"; sourceTree = "<group>"; };
		83B3D1231C75B7F7000992E0 /* UIImageView+AFNetworking.m */ = {isa = PBXFileReference; fileEncoding = 4; lastKnownFileType = sourcecode.c.objc; path = "UIImageView+AFNetworking.m"; sourceTree = "<group>"; };
		83B3D1241C75B7F7000992E0 /* UIKit+AFNetworking.h */ = {isa = PBXFileReference; fileEncoding = 4; lastKnownFileType = sourcecode.c.h; path = "UIKit+AFNetworking.h"; sourceTree = "<group>"; };
		83B3D1251C75B7F7000992E0 /* UIProgressView+AFNetworking.h */ = {isa = PBXFileReference; fileEncoding = 4; lastKnownFileType = sourcecode.c.h; path = "UIProgressView+AFNetworking.h"; sourceTree = "<group>"; };
		83B3D1261C75B7F7000992E0 /* UIProgressView+AFNetworking.m */ = {isa = PBXFileReference; fileEncoding = 4; lastKnownFileType = sourcecode.c.objc; path = "UIProgressView+AFNetworking.m"; sourceTree = "<group>"; };
		83B3D1271C75B7F7000992E0 /* UIRefreshControl+AFNetworking.h */ = {isa = PBXFileReference; fileEncoding = 4; lastKnownFileType = sourcecode.c.h; path = "UIRefreshControl+AFNetworking.h"; sourceTree = "<group>"; };
		83B3D1281C75B7F7000992E0 /* UIRefreshControl+AFNetworking.m */ = {isa = PBXFileReference; fileEncoding = 4; lastKnownFileType = sourcecode.c.objc; path = "UIRefreshControl+AFNetworking.m"; sourceTree = "<group>"; };
		83B3D1291C75B7F7000992E0 /* UIWebView+AFNetworking.h */ = {isa = PBXFileReference; fileEncoding = 4; lastKnownFileType = sourcecode.c.h; path = "UIWebView+AFNetworking.h"; sourceTree = "<group>"; };
		83B3D12A1C75B7F7000992E0 /* UIWebView+AFNetworking.m */ = {isa = PBXFileReference; fileEncoding = 4; lastKnownFileType = sourcecode.c.objc; path = "UIWebView+AFNetworking.m"; sourceTree = "<group>"; };
		83B3D13C1C75E46A000992E0 /* MBProgressHUD.h */ = {isa = PBXFileReference; fileEncoding = 4; lastKnownFileType = sourcecode.c.h; path = MBProgressHUD.h; sourceTree = "<group>"; };
		83B3D13D1C75E46A000992E0 /* MBProgressHUD.m */ = {isa = PBXFileReference; fileEncoding = 4; lastKnownFileType = sourcecode.c.objc; path = MBProgressHUD.m; sourceTree = "<group>"; };
		83C44D5C1C80AFC0007173CC /* FullForm.h */ = {isa = PBXFileReference; fileEncoding = 4; lastKnownFileType = sourcecode.c.h; path = FullForm.h; sourceTree = "<group>"; };
		83C44D5D1C80AFC0007173CC /* FullForm.m */ = {isa = PBXFileReference; fileEncoding = 4; lastKnownFileType = sourcecode.c.objc; path = FullForm.m; sourceTree = "<group>"; };
		83E92FEB1C7F8BBF00C1EA87 /* DataHelper.h */ = {isa = PBXFileReference; fileEncoding = 4; lastKnownFileType = sourcecode.c.h; path = DataHelper.h; sourceTree = "<group>"; };
		83E92FEC1C7F8BBF00C1EA87 /* DataHelper.m */ = {isa = PBXFileReference; fileEncoding = 4; lastKnownFileType = sourcecode.c.objc; path = DataHelper.m; sourceTree = "<group>"; };
		83E92FF11C7FB7AD00C1EA87 /* FullFormManager.h */ = {isa = PBXFileReference; fileEncoding = 4; lastKnownFileType = sourcecode.c.h; path = FullFormManager.h; sourceTree = "<group>"; };
		83E92FF21C7FB7AD00C1EA87 /* FullFormManager.m */ = {isa = PBXFileReference; fileEncoding = 4; lastKnownFileType = sourcecode.c.objc; path = FullFormManager.m; sourceTree = "<group>"; };
/* End PBXFileReference section */

/* Begin PBXFrameworksBuildPhase section */
		8352FC931C75A0BC00FC4929 /* Frameworks */ = {
			isa = PBXFrameworksBuildPhase;
			buildActionMask = 2147483647;
			files = (
			);
			runOnlyForDeploymentPostprocessing = 0;
		};
		8352FCAC1C75A0BC00FC4929 /* Frameworks */ = {
			isa = PBXFrameworksBuildPhase;
			buildActionMask = 2147483647;
			files = (
			);
			runOnlyForDeploymentPostprocessing = 0;
		};
/* End PBXFrameworksBuildPhase section */

/* Begin PBXGroup section */
		8352FC8D1C75A0BC00FC4929 = {
			isa = PBXGroup;
			children = (
				8352FC981C75A0BC00FC4929 /* Acronym */,
				8352FCB21C75A0BC00FC4929 /* AcronymTests */,
				8352FC971C75A0BC00FC4929 /* Products */,
			);
			sourceTree = "<group>";
		};
		8352FC971C75A0BC00FC4929 /* Products */ = {
			isa = PBXGroup;
			children = (
				8352FC961C75A0BC00FC4929 /* Acronym.app */,
				8352FCAF1C75A0BC00FC4929 /* AcronymTests.xctest */,
			);
			name = Products;
			sourceTree = "<group>";
		};
		8352FC981C75A0BC00FC4929 /* Acronym */ = {
			isa = PBXGroup;
			children = (
				83E92FEB1C7F8BBF00C1EA87 /* DataHelper.h */,
				83E92FEC1C7F8BBF00C1EA87 /* DataHelper.m */,
				83C44D5C1C80AFC0007173CC /* FullForm.h */,
				83C44D5D1C80AFC0007173CC /* FullForm.m */,
				83E92FF11C7FB7AD00C1EA87 /* FullFormManager.h */,
				83E92FF21C7FB7AD00C1EA87 /* FullFormManager.m */,
				8352FCA01C75A0BC00FC4929 /* ViewController.h */,
				8352FCA11C75A0BC00FC4929 /* ViewController.m */,
				8352FCA31C75A0BC00FC4929 /* Main.storyboard */,
				83B3D13C1C75E46A000992E0 /* MBProgressHUD.h */,
				83B3D13D1C75E46A000992E0 /* MBProgressHUD.m */,
				83B3D1051C75B7F7000992E0 /* AFNetworking */,
				83B3D1191C75B7F7000992E0 /* UIKit+AFNetworking */,
				8352FC991C75A0BC00FC4929 /* Supporting Files */,
			);
			path = Acronym;
			sourceTree = "<group>";
		};
		8352FC991C75A0BC00FC4929 /* Supporting Files */ = {
			isa = PBXGroup;
			children = (
				8352FC9D1C75A0BC00FC4929 /* AppDelegate.h */,
				8352FC9E1C75A0BC00FC4929 /* AppDelegate.m */,
				8352FCA61C75A0BC00FC4929 /* Images.xcassets */,
				8352FCA81C75A0BC00FC4929 /* LaunchScreen.xib */,
				8352FC9A1C75A0BC00FC4929 /* Info.plist */,
				8352FC9B1C75A0BC00FC4929 /* main.m */,
			);
			name = "Supporting Files";
			sourceTree = "<group>";
		};
		8352FCB21C75A0BC00FC4929 /* AcronymTests */ = {
			isa = PBXGroup;
			children = (
				8352FCB51C75A0BC00FC4929 /* AcronymTests.m */,
				8352FCB31C75A0BC00FC4929 /* Supporting Files */,
			);
			path = AcronymTests;
			sourceTree = "<group>";
		};
		8352FCB31C75A0BC00FC4929 /* Supporting Files */ = {
			isa = PBXGroup;
			children = (
				8352FCB41C75A0BC00FC4929 /* Info.plist */,
			);
			name = "Supporting Files";
			sourceTree = "<group>";
		};
		83B3D1051C75B7F7000992E0 /* AFNetworking */ = {
			isa = PBXGroup;
			children = (
				83B3D1061C75B7F7000992E0 /* AFHTTPRequestOperation.h */,
				83B3D1071C75B7F7000992E0 /* AFHTTPRequestOperation.m */,
				83B3D1081C75B7F7000992E0 /* AFHTTPRequestOperationManager.h */,
				83B3D1091C75B7F7000992E0 /* AFHTTPRequestOperationManager.m */,
				83B3D10A1C75B7F7000992E0 /* AFHTTPSessionManager.h */,
				83B3D10B1C75B7F7000992E0 /* AFHTTPSessionManager.m */,
				83B3D10C1C75B7F7000992E0 /* AFNetworking.h */,
				83B3D10D1C75B7F7000992E0 /* AFNetworkReachabilityManager.h */,
				83B3D10E1C75B7F7000992E0 /* AFNetworkReachabilityManager.m */,
				83B3D10F1C75B7F7000992E0 /* AFSecurityPolicy.h */,
				83B3D1101C75B7F7000992E0 /* AFSecurityPolicy.m */,
				83B3D1111C75B7F7000992E0 /* AFURLConnectionOperation.h */,
				83B3D1121C75B7F7000992E0 /* AFURLConnectionOperation.m */,
				83B3D1131C75B7F7000992E0 /* AFURLRequestSerialization.h */,
				83B3D1141C75B7F7000992E0 /* AFURLRequestSerialization.m */,
				83B3D1151C75B7F7000992E0 /* AFURLResponseSerialization.h */,
				83B3D1161C75B7F7000992E0 /* AFURLResponseSerialization.m */,
				83B3D1171C75B7F7000992E0 /* AFURLSessionManager.h */,
				83B3D1181C75B7F7000992E0 /* AFURLSessionManager.m */,
			);
			path = AFNetworking;
			sourceTree = "<group>";
		};
		83B3D1191C75B7F7000992E0 /* UIKit+AFNetworking */ = {
			isa = PBXGroup;
			children = (
				83B3D11A1C75B7F7000992E0 /* AFNetworkActivityIndicatorManager.h */,
				83B3D11B1C75B7F7000992E0 /* AFNetworkActivityIndicatorManager.m */,
				83B3D11C1C75B7F7000992E0 /* UIActivityIndicatorView+AFNetworking.h */,
				83B3D11D1C75B7F7000992E0 /* UIActivityIndicatorView+AFNetworking.m */,
				83B3D11E1C75B7F7000992E0 /* UIAlertView+AFNetworking.h */,
				83B3D11F1C75B7F7000992E0 /* UIAlertView+AFNetworking.m */,
				83B3D1201C75B7F7000992E0 /* UIButton+AFNetworking.h */,
				83B3D1211C75B7F7000992E0 /* UIButton+AFNetworking.m */,
				83B3D1221C75B7F7000992E0 /* UIImageView+AFNetworking.h */,
				83B3D1231C75B7F7000992E0 /* UIImageView+AFNetworking.m */,
				83B3D1241C75B7F7000992E0 /* UIKit+AFNetworking.h */,
				83B3D1251C75B7F7000992E0 /* UIProgressView+AFNetworking.h */,
				83B3D1261C75B7F7000992E0 /* UIProgressView+AFNetworking.m */,
				83B3D1271C75B7F7000992E0 /* UIRefreshControl+AFNetworking.h */,
				83B3D1281C75B7F7000992E0 /* UIRefreshControl+AFNetworking.m */,
				83B3D1291C75B7F7000992E0 /* UIWebView+AFNetworking.h */,
				83B3D12A1C75B7F7000992E0 /* UIWebView+AFNetworking.m */,
			);
			path = "UIKit+AFNetworking";
			sourceTree = "<group>";
		};
/* End PBXGroup section */

/* Begin PBXNativeTarget section */
		8352FC951C75A0BC00FC4929 /* Acronym */ = {
			isa = PBXNativeTarget;
			buildConfigurationList = 8352FCB91C75A0BC00FC4929 /* Build configuration list for PBXNativeTarget "Acronym" */;
			buildPhases = (
				8352FC921C75A0BC00FC4929 /* Sources */,
				8352FC931C75A0BC00FC4929 /* Frameworks */,
				8352FC941C75A0BC00FC4929 /* Resources */,
			);
			buildRules = (
			);
			dependencies = (
			);
			name = Acronym;
			productName = Acronym;
			productReference = 8352FC961C75A0BC00FC4929 /* Acronym.app */;
			productType = "com.apple.product-type.application";
		};
		8352FCAE1C75A0BC00FC4929 /* AcronymTests */ = {
			isa = PBXNativeTarget;
			buildConfigurationList = 8352FCBC1C75A0BC00FC4929 /* Build configuration list for PBXNativeTarget "AcronymTests" */;
			buildPhases = (
				8352FCAB1C75A0BC00FC4929 /* Sources */,
				8352FCAC1C75A0BC00FC4929 /* Frameworks */,
				8352FCAD1C75A0BC00FC4929 /* Resources */,
			);
			buildRules = (
			);
			dependencies = (
				8352FCB11C75A0BC00FC4929 /* PBXTargetDependency */,
			);
			name = AcronymTests;
			productName = AcronymTests;
			productReference = 8352FCAF1C75A0BC00FC4929 /* AcronymTests.xctest */;
			productType = "com.apple.product-type.bundle.unit-test";
		};
/* End PBXNativeTarget section */

/* Begin PBXProject section */
		8352FC8E1C75A0BC00FC4929 /* Project object */ = {
			isa = PBXProject;
			attributes = {
				LastUpgradeCheck = 0640;
				ORGANIZATIONNAME = "Mufti Yafi";
				TargetAttributes = {
					8352FC951C75A0BC00FC4929 = {
						CreatedOnToolsVersion = 6.4;
					};
					8352FCAE1C75A0BC00FC4929 = {
						CreatedOnToolsVersion = 6.4;
						TestTargetID = 8352FC951C75A0BC00FC4929;
					};
				};
			};
			buildConfigurationList = 8352FC911C75A0BC00FC4929 /* Build configuration list for PBXProject "Acronym" */;
			compatibilityVersion = "Xcode 3.2";
			developmentRegion = English;
			hasScannedForEncodings = 0;
			knownRegions = (
				en,
				Base,
			);
			mainGroup = 8352FC8D1C75A0BC00FC4929;
			productRefGroup = 8352FC971C75A0BC00FC4929 /* Products */;
			projectDirPath = "";
			projectRoot = "";
			targets = (
				8352FC951C75A0BC00FC4929 /* Acronym */,
				8352FCAE1C75A0BC00FC4929 /* AcronymTests */,
			);
		};
/* End PBXProject section */

/* Begin PBXResourcesBuildPhase section */
		8352FC941C75A0BC00FC4929 /* Resources */ = {
			isa = PBXResourcesBuildPhase;
			buildActionMask = 2147483647;
			files = (
				8352FCA51C75A0BC00FC4929 /* Main.storyboard in Resources */,
				8352FCAA1C75A0BC00FC4929 /* LaunchScreen.xib in Resources */,
				8352FCA71C75A0BC00FC4929 /* Images.xcassets in Resources */,
			);
			runOnlyForDeploymentPostprocessing = 0;
		};
		8352FCAD1C75A0BC00FC4929 /* Resources */ = {
			isa = PBXResourcesBuildPhase;
			buildActionMask = 2147483647;
			files = (
			);
			runOnlyForDeploymentPostprocessing = 0;
		};
/* End PBXResourcesBuildPhase section */

/* Begin PBXSourcesBuildPhase section */
		8352FC921C75A0BC00FC4929 /* Sources */ = {
			isa = PBXSourcesBuildPhase;
			buildActionMask = 2147483647;
			files = (
				83B3D12B1C75B7F7000992E0 /* AFHTTPRequestOperation.m in Sources */,
				83B3D1381C75B7F7000992E0 /* UIImageView+AFNetworking.m in Sources */,
				8352FCA21C75A0BC00FC4929 /* ViewController.m in Sources */,
				83B3D12C1C75B7F7000992E0 /* AFHTTPRequestOperationManager.m in Sources */,
				83B3D1391C75B7F7000992E0 /* UIProgressView+AFNetworking.m in Sources */,
				83E92FF31C7FB7AD00C1EA87 /* FullFormManager.m in Sources */,
				83B3D12E1C75B7F7000992E0 /* AFNetworkReachabilityManager.m in Sources */,
				83B3D1321C75B7F7000992E0 /* AFURLResponseSerialization.m in Sources */,
				83B3D1301C75B7F7000992E0 /* AFURLConnectionOperation.m in Sources */,
				83B3D1371C75B7F7000992E0 /* UIButton+AFNetworking.m in Sources */,
				83E92FED1C7F8BBF00C1EA87 /* DataHelper.m in Sources */,
				83B3D1351C75B7F7000992E0 /* UIActivityIndicatorView+AFNetworking.m in Sources */,
				83B3D12F1C75B7F7000992E0 /* AFSecurityPolicy.m in Sources */,
				83C44D5E1C80AFC0007173CC /* FullForm.m in Sources */,
				83B3D13A1C75B7F7000992E0 /* UIRefreshControl+AFNetworking.m in Sources */,
				83B3D13B1C75B7F7000992E0 /* UIWebView+AFNetworking.m in Sources */,
				83B3D13E1C75E46A000992E0 /* MBProgressHUD.m in Sources */,
				83B3D12D1C75B7F7000992E0 /* AFHTTPSessionManager.m in Sources */,
				83B3D1361C75B7F7000992E0 /* UIAlertView+AFNetworking.m in Sources */,
				83B3D1311C75B7F7000992E0 /* AFURLRequestSerialization.m in Sources */,
				83B3D1341C75B7F7000992E0 /* AFNetworkActivityIndicatorManager.m in Sources */,
				83B3D1331C75B7F7000992E0 /* AFURLSessionManager.m in Sources */,
				8352FC9F1C75A0BC00FC4929 /* AppDelegate.m in Sources */,
				8352FC9C1C75A0BC00FC4929 /* main.m in Sources */,
			);
			runOnlyForDeploymentPostprocessing = 0;
		};
		8352FCAB1C75A0BC00FC4929 /* Sources */ = {
			isa = PBXSourcesBuildPhase;
			buildActionMask = 2147483647;
			files = (
				8352FCB61C75A0BC00FC4929 /* AcronymTests.m in Sources */,
			);
			runOnlyForDeploymentPostprocessing = 0;
		};
/* End PBXSourcesBuildPhase section */

/* Begin PBXTargetDependency section */
		8352FCB11C75A0BC00FC4929 /* PBXTargetDependency */ = {
			isa = PBXTargetDependency;
			target = 8352FC951C75A0BC00FC4929 /* Acronym */;
			targetProxy = 8352FCB01C75A0BC00FC4929 /* PBXContainerItemProxy */;
		};
/* End PBXTargetDependency section */

/* Begin PBXVariantGroup section */
		8352FCA31C75A0BC00FC4929 /* Main.storyboard */ = {
			isa = PBXVariantGroup;
			children = (
				8352FCA41C75A0BC00FC4929 /* Base */,
			);
			name = Main.storyboard;
			sourceTree = "<group>";
		};
		8352FCA81C75A0BC00FC4929 /* LaunchScreen.xib */ = {
			isa = PBXVariantGroup;
			children = (
				8352FCA91C75A0BC00FC4929 /* Base */,
			);
			name = LaunchScreen.xib;
			sourceTree = "<group>";
		};
/* End PBXVariantGroup section */

/* Begin XCBuildConfiguration section */
		8352FCB71C75A0BC00FC4929 /* Debug */ = {
			isa = XCBuildConfiguration;
			buildSettings = {
				ALWAYS_SEARCH_USER_PATHS = NO;
				CLANG_CXX_LANGUAGE_STANDARD = "gnu++0x";
				CLANG_CXX_LIBRARY = "libc++";
				CLANG_ENABLE_MODULES = YES;
				CLANG_ENABLE_OBJC_ARC = YES;
				CLANG_WARN_BOOL_CONVERSION = YES;
				CLANG_WARN_CONSTANT_CONVERSION = YES;
				CLANG_WARN_DIRECT_OBJC_ISA_USAGE = YES_ERROR;
				CLANG_WARN_EMPTY_BODY = YES;
				CLANG_WARN_ENUM_CONVERSION = YES;
				CLANG_WARN_INT_CONVERSION = YES;
				CLANG_WARN_OBJC_ROOT_CLASS = YES_ERROR;
				CLANG_WARN_UNREACHABLE_CODE = YES;
				CLANG_WARN__DUPLICATE_METHOD_MATCH = YES;
				"CODE_SIGN_IDENTITY[sdk=iphoneos*]" = "iPhone Developer";
				COPY_PHASE_STRIP = NO;
				DEBUG_INFORMATION_FORMAT = "dwarf-with-dsym";
				ENABLE_STRICT_OBJC_MSGSEND = YES;
				GCC_C_LANGUAGE_STANDARD = gnu99;
				GCC_DYNAMIC_NO_PIC = NO;
				GCC_NO_COMMON_BLOCKS = YES;
				GCC_OPTIMIZATION_LEVEL = 0;
				GCC_PREPROCESSOR_DEFINITIONS = (
					"DEBUG=1",
					"$(inherited)",
				);
				GCC_SYMBOLS_PRIVATE_EXTERN = NO;
				GCC_WARN_64_TO_32_BIT_CONVERSION = YES;
				GCC_WARN_ABOUT_RETURN_TYPE = YES_ERROR;
				GCC_WARN_UNDECLARED_SELECTOR = YES;
				GCC_WARN_UNINITIALIZED_AUTOS = YES_AGGRESSIVE;
				GCC_WARN_UNUSED_FUNCTION = YES;
				GCC_WARN_UNUSED_VARIABLE = YES;
				IPHONEOS_DEPLOYMENT_TARGET = 8.4;
				MTL_ENABLE_DEBUG_INFO = YES;
				ONLY_ACTIVE_ARCH = YES;
				SDKROOT = iphoneos;
			};
			name = Debug;
		};
		8352FCB81C75A0BC00FC4929 /* Release */ = {
			isa = XCBuildConfiguration;
			buildSettings = {
				ALWAYS_SEARCH_USER_PATHS = NO;
				CLANG_CXX_LANGUAGE_STANDARD = "gnu++0x";
				CLANG_CXX_LIBRARY = "libc++";
				CLANG_ENABLE_MODULES = YES;
				CLANG_ENABLE_OBJC_ARC = YES;
				CLANG_WARN_BOOL_CONVERSION = YES;
				CLANG_WARN_CONSTANT_CONVERSION = YES;
				CLANG_WARN_DIRECT_OBJC_ISA_USAGE = YES_ERROR;
				CLANG_WARN_EMPTY_BODY = YES;
				CLANG_WARN_ENUM_CONVERSION = YES;
				CLANG_WARN_INT_CONVERSION = YES;
				CLANG_WARN_OBJC_ROOT_CLASS = YES_ERROR;
				CLANG_WARN_UNREACHABLE_CODE = YES;
				CLANG_WARN__DUPLICATE_METHOD_MATCH = YES;
				"CODE_SIGN_IDENTITY[sdk=iphoneos*]" = "iPhone Developer";
				COPY_PHASE_STRIP = NO;
				DEBUG_INFORMATION_FORMAT = "dwarf-with-dsym";
				ENABLE_NS_ASSERTIONS = NO;
				ENABLE_STRICT_OBJC_MSGSEND = YES;
				GCC_C_LANGUAGE_STANDARD = gnu99;
				GCC_NO_COMMON_BLOCKS = YES;
				GCC_WARN_64_TO_32_BIT_CONVERSION = YES;
				GCC_WARN_ABOUT_RETURN_TYPE = YES_ERROR;
				GCC_WARN_UNDECLARED_SELECTOR = YES;
				GCC_WARN_UNINITIALIZED_AUTOS = YES_AGGRESSIVE;
				GCC_WARN_UNUSED_FUNCTION = YES;
				GCC_WARN_UNUSED_VARIABLE = YES;
				IPHONEOS_DEPLOYMENT_TARGET = 8.4;
				MTL_ENABLE_DEBUG_INFO = NO;
				SDKROOT = iphoneos;
				VALIDATE_PRODUCT = YES;
			};
			name = Release;
		};
		8352FCBA1C75A0BC00FC4929 /* Debug */ = {
			isa = XCBuildConfiguration;
			buildSettings = {
				ASSETCATALOG_COMPILER_APPICON_NAME = AppIcon;
				INFOPLIST_FILE = Acronym/Info.plist;
				LD_RUNPATH_SEARCH_PATHS = "$(inherited) @executable_path/Frameworks";
				PRODUCT_NAME = "$(TARGET_NAME)";
			};
			name = Debug;
		};
		8352FCBB1C75A0BC00FC4929 /* Release */ = {
			isa = XCBuildConfiguration;
			buildSettings = {
				ASSETCATALOG_COMPILER_APPICON_NAME = AppIcon;
				INFOPLIST_FILE = Acronym/Info.plist;
				LD_RUNPATH_SEARCH_PATHS = "$(inherited) @executable_path/Frameworks";
				PRODUCT_NAME = "$(TARGET_NAME)";
			};
			name = Release;
		};
		8352FCBD1C75A0BC00FC4929 /* Debug */ = {
			isa = XCBuildConfiguration;
			buildSettings = {
				BUNDLE_LOADER = "$(TEST_HOST)";
				FRAMEWORK_SEARCH_PATHS = (
					"$(SDKROOT)/Developer/Library/Frameworks",
					"$(inherited)",
				);
				GCC_PREPROCESSOR_DEFINITIONS = (
					"DEBUG=1",
					"$(inherited)",
				);
				INFOPLIST_FILE = AcronymTests/Info.plist;
				LD_RUNPATH_SEARCH_PATHS = "$(inherited) @executable_path/Frameworks @loader_path/Frameworks";
				PRODUCT_NAME = "$(TARGET_NAME)";
				TEST_HOST = "$(BUILT_PRODUCTS_DIR)/Acronym.app/Acronym";
			};
			name = Debug;
		};
		8352FCBE1C75A0BC00FC4929 /* Release */ = {
			isa = XCBuildConfiguration;
			buildSettings = {
				BUNDLE_LOADER = "$(TEST_HOST)";
				FRAMEWORK_SEARCH_PATHS = (
					"$(SDKROOT)/Developer/Library/Frameworks",
					"$(inherited)",
				);
				INFOPLIST_FILE = AcronymTests/Info.plist;
				LD_RUNPATH_SEARCH_PATHS = "$(inherited) @executable_path/Frameworks @loader_path/Frameworks";
				PRODUCT_NAME = "$(TARGET_NAME)";
				TEST_HOST = "$(BUILT_PRODUCTS_DIR)/Acronym.app/Acronym";
			};
			name = Release;
		};
/* End XCBuildConfiguration section */

/* Begin XCConfigurationList section */
		8352FC911C75A0BC00FC4929 /* Build configuration list for PBXProject "Acronym" */ = {
			isa = XCConfigurationList;
			buildConfigurations = (
				8352FCB71C75A0BC00FC4929 /* Debug */,
				8352FCB81C75A0BC00FC4929 /* Release */,
			);
			defaultConfigurationIsVisible = 0;
			defaultConfigurationName = Release;
		};
		8352FCB91C75A0BC00FC4929 /* Build configuration list for PBXNativeTarget "Acronym" */ = {
			isa = XCConfigurationList;
			buildConfigurations = (
				8352FCBA1C75A0BC00FC4929 /* Debug */,
				8352FCBB1C75A0BC00FC4929 /* Release */,
			);
			defaultConfigurationIsVisible = 0;
			defaultConfigurationName = Release;
		};
		8352FCBC1C75A0BC00FC4929 /* Build configuration list for PBXNativeTarget "AcronymTests" */ = {
			isa = XCConfigurationList;
			buildConfigurations = (
				8352FCBD1C75A0BC00FC4929 /* Debug */,
				8352FCBE1C75A0BC00FC4929 /* Release */,
			);
			defaultConfigurationIsVisible = 0;
			defaultConfigurationName = Release;
		};
/* End XCConfigurationList section */
	};
	rootObject = 8352FC8E1C75A0BC00FC4929 /* Project object */;
}
